// !$*UTF8*$!
{
	archiveVersion = 1;
	classes = {
	};
	objectVersion = 50;
	objects = {

/* Begin PBXBuildFile section */
		A9949A1921FCD03500583490 /* ViewController.swift in Sources */ = {isa = PBXBuildFile; fileRef = A9949A1821FCD03500583490 /* ViewController.swift */; };
		A9949A1E21FCD03900583490 /* Assets.xcassets in Resources */ = {isa = PBXBuildFile; fileRef = A9949A1D21FCD03900583490 /* Assets.xcassets */; };
		A9949A2121FCD03900583490 /* LaunchScreen.storyboard in Resources */ = {isa = PBXBuildFile; fileRef = A9949A1F21FCD03900583490 /* LaunchScreen.storyboard */; };
		A9949A2921FCD3EF00583490 /* Main.storyboard in Resources */ = {isa = PBXBuildFile; fileRef = A9949A2821FCD3EF00583490 /* Main.storyboard */; };
		A9949A3721FCD42C00583490 /* ViewItemViewController.swift in Sources */ = {isa = PBXBuildFile; fileRef = A9949A2A21FCD42A00583490 /* ViewItemViewController.swift */; };
		A9949A3821FCD42C00583490 /* SignUpViewModel.swift in Sources */ = {isa = PBXBuildFile; fileRef = A9949A2B21FCD42B00583490 /* SignUpViewModel.swift */; };
		A9949A3921FCD42C00583490 /* DisplayViewModel.swift in Sources */ = {isa = PBXBuildFile; fileRef = A9949A2C21FCD42B00583490 /* DisplayViewModel.swift */; };
		A9949A3A21FCD42C00583490 /* LoginViewModel.swift in Sources */ = {isa = PBXBuildFile; fileRef = A9949A2D21FCD42B00583490 /* LoginViewModel.swift */; };
		A9949A3B21FCD42C00583490 /* CurrentUser.swift in Sources */ = {isa = PBXBuildFile; fileRef = A9949A2E21FCD42B00583490 /* CurrentUser.swift */; };
		A9949A3C21FCD42C00583490 /* AppDelegate.swift in Sources */ = {isa = PBXBuildFile; fileRef = A9949A2F21FCD42B00583490 /* AppDelegate.swift */; };
		A9949A3D21FCD42C00583490 /* UpdateItemViewController.swift in Sources */ = {isa = PBXBuildFile; fileRef = A9949A3021FCD42B00583490 /* UpdateItemViewController.swift */; };
		A9949A3E21FCD42C00583490 /* SignUpViewController.swift in Sources */ = {isa = PBXBuildFile; fileRef = A9949A3121FCD42B00583490 /* SignUpViewController.swift */; };
		A9949A3F21FCD42C00583490 /* DisplayTableViewController.swift in Sources */ = {isa = PBXBuildFile; fileRef = A9949A3221FCD42B00583490 /* DisplayTableViewController.swift */; };
		A9949A4021FCD42C00583490 /* Location.swift in Sources */ = {isa = PBXBuildFile; fileRef = A9949A3321FCD42B00583490 /* Location.swift */; };
		A9949A4121FCD42C00583490 /* StartViewController.swift in Sources */ = {isa = PBXBuildFile; fileRef = A9949A3421FCD42B00583490 /* StartViewController.swift */; };
		A9949A4221FCD42C00583490 /* LoginViewController.swift in Sources */ = {isa = PBXBuildFile; fileRef = A9949A3521FCD42B00583490 /* LoginViewController.swift */; };
		A9949A4321FCD42C00583490 /* StartViewModel.swift in Sources */ = {isa = PBXBuildFile; fileRef = A9949A3621FCD42B00583490 /* StartViewModel.swift */; };
		A9949A4721FCD43B00583490 /* Info.plist in Resources */ = {isa = PBXBuildFile; fileRef = A9949A4421FCD43A00583490 /* Info.plist */; };
		A9949A4821FCD43B00583490 /* CoreDataExample.xcdatamodeld in Sources */ = {isa = PBXBuildFile; fileRef = A9949A4521FCD43B00583490 /* CoreDataExample.xcdatamodeld */; };
/* End PBXBuildFile section */

/* Begin PBXFileReference section */
		A9949A1321FCD03500583490 /* RemoteLoadTest.app */ = {isa = PBXFileReference; explicitFileType = wrapper.application; includeInIndex = 0; path = RemoteLoadTest.app; sourceTree = BUILT_PRODUCTS_DIR; };
		A9949A1821FCD03500583490 /* ViewController.swift */ = {isa = PBXFileReference; lastKnownFileType = sourcecode.swift; path = ViewController.swift; sourceTree = "<group>"; };
		A9949A1D21FCD03900583490 /* Assets.xcassets */ = {isa = PBXFileReference; lastKnownFileType = folder.assetcatalog; path = Assets.xcassets; sourceTree = "<group>"; };
		A9949A2021FCD03900583490 /* Base */ = {isa = PBXFileReference; lastKnownFileType = file.storyboard; name = Base; path = Base.lproj/LaunchScreen.storyboard; sourceTree = "<group>"; };
		A9949A2221FCD03900583490 /* Info.plist */ = {isa = PBXFileReference; lastKnownFileType = text.plist.xml; path = Info.plist; sourceTree = "<group>"; };
		A9949A2821FCD3EF00583490 /* Main.storyboard */ = {isa = PBXFileReference; fileEncoding = 4; lastKnownFileType = file.storyboard; path = Main.storyboard; sourceTree = "<group>"; };
		A9949A2A21FCD42A00583490 /* ViewItemViewController.swift */ = {isa = PBXFileReference; fileEncoding = 4; lastKnownFileType = sourcecode.swift; path = ViewItemViewController.swift; sourceTree = "<group>"; };
		A9949A2B21FCD42B00583490 /* SignUpViewModel.swift */ = {isa = PBXFileReference; fileEncoding = 4; lastKnownFileType = sourcecode.swift; path = SignUpViewModel.swift; sourceTree = "<group>"; };
		A9949A2C21FCD42B00583490 /* DisplayViewModel.swift */ = {isa = PBXFileReference; fileEncoding = 4; lastKnownFileType = sourcecode.swift; path = DisplayViewModel.swift; sourceTree = "<group>"; };
		A9949A2D21FCD42B00583490 /* LoginViewModel.swift */ = {isa = PBXFileReference; fileEncoding = 4; lastKnownFileType = sourcecode.swift; path = LoginViewModel.swift; sourceTree = "<group>"; };
		A9949A2E21FCD42B00583490 /* CurrentUser.swift */ = {isa = PBXFileReference; fileEncoding = 4; lastKnownFileType = sourcecode.swift; path = CurrentUser.swift; sourceTree = "<group>"; };
		A9949A2F21FCD42B00583490 /* AppDelegate.swift */ = {isa = PBXFileReference; fileEncoding = 4; lastKnownFileType = sourcecode.swift; name = AppDelegate.swift; path = "../../dutuzip/DuTu 2/DuTu/AppDelegate.swift"; sourceTree = "<group>"; };
		A9949A3021FCD42B00583490 /* UpdateItemViewController.swift */ = {isa = PBXFileReference; fileEncoding = 4; lastKnownFileType = sourcecode.swift; path = UpdateItemViewController.swift; sourceTree = "<group>"; };
		A9949A3121FCD42B00583490 /* SignUpViewController.swift */ = {isa = PBXFileReference; fileEncoding = 4; lastKnownFileType = sourcecode.swift; path = SignUpViewController.swift; sourceTree = "<group>"; };
		A9949A3221FCD42B00583490 /* DisplayTableViewController.swift */ = {isa = PBXFileReference; fileEncoding = 4; lastKnownFileType = sourcecode.swift; path = DisplayTableViewController.swift; sourceTree = "<group>"; };
		A9949A3321FCD42B00583490 /* Location.swift */ = {isa = PBXFileReference; fileEncoding = 4; lastKnownFileType = sourcecode.swift; path = Location.swift; sourceTree = "<group>"; };
		A9949A3421FCD42B00583490 /* StartViewController.swift */ = {isa = PBXFileReference; fileEncoding = 4; lastKnownFileType = sourcecode.swift; path = StartViewController.swift; sourceTree = "<group>"; };
		A9949A3521FCD42B00583490 /* LoginViewController.swift */ = {isa = PBXFileReference; fileEncoding = 4; lastKnownFileType = sourcecode.swift; path = LoginViewController.swift; sourceTree = "<group>"; };
		A9949A3621FCD42B00583490 /* StartViewModel.swift */ = {isa = PBXFileReference; fileEncoding = 4; lastKnownFileType = sourcecode.swift; path = StartViewModel.swift; sourceTree = "<group>"; };
		A9949A4421FCD43A00583490 /* Info.plist */ = {isa = PBXFileReference; fileEncoding = 4; lastKnownFileType = text.plist.xml; name = Info.plist; path = "../../dutuzip/DuTu 2/DuTu/Info.plist"; sourceTree = "<group>"; };
		A9949A4621FCD43B00583490 /* CoreDataExample.xcdatamodel */ = {isa = PBXFileReference; lastKnownFileType = wrapper.xcdatamodel; path = CoreDataExample.xcdatamodel; sourceTree = "<group>"; };
/* End PBXFileReference section */

/* Begin PBXFrameworksBuildPhase section */
		A9949A1021FCD03500583490 /* Frameworks */ = {
			isa = PBXFrameworksBuildPhase;
			buildActionMask = 2147483647;
			files = (
			);
			runOnlyForDeploymentPostprocessing = 0;
		};
/* End PBXFrameworksBuildPhase section */

/* Begin PBXGroup section */
		A9949A0A21FCD03400583490 = {
			isa = PBXGroup;
			children = (
				A9949A1521FCD03500583490 /* RemoteLoadTest */,
				A9949A1421FCD03500583490 /* Products */,
			);
			sourceTree = "<group>";
		};
		A9949A1421FCD03500583490 /* Products */ = {
			isa = PBXGroup;
			children = (
				A9949A1321FCD03500583490 /* RemoteLoadTest.app */,
			);
			name = Products;
			sourceTree = "<group>";
		};
		A9949A1521FCD03500583490 /* RemoteLoadTest */ = {
			isa = PBXGroup;
			children = (
				A9949A1821FCD03500583490 /* ViewController.swift */,
				A9949A1D21FCD03900583490 /* Assets.xcassets */,
				A9949A2821FCD3EF00583490 /* Main.storyboard */,
				A9949A1F21FCD03900583490 /* LaunchScreen.storyboard */,
				A9949A4521FCD43B00583490 /* CoreDataExample.xcdatamodeld */,
				A9949A2221FCD03900583490 /* Info.plist */,
				A9949A2F21FCD42B00583490 /* AppDelegate.swift */,
				A9949A2E21FCD42B00583490 /* CurrentUser.swift */,
				A9949A3221FCD42B00583490 /* DisplayTableViewController.swift */,
				A9949A2C21FCD42B00583490 /* DisplayViewModel.swift */,
				A9949A3321FCD42B00583490 /* Location.swift */,
				A9949A3521FCD42B00583490 /* LoginViewController.swift */,
				A9949A2D21FCD42B00583490 /* LoginViewModel.swift */,
				A9949A3121FCD42B00583490 /* SignUpViewController.swift */,
				A9949A2B21FCD42B00583490 /* SignUpViewModel.swift */,
				A9949A3421FCD42B00583490 /* StartViewController.swift */,
				A9949A3621FCD42B00583490 /* StartViewModel.swift */,
				A9949A3021FCD42B00583490 /* UpdateItemViewController.swift */,
				A9949A2A21FCD42A00583490 /* ViewItemViewController.swift */,
				A9949A4421FCD43A00583490 /* Info.plist */,
			);
			path = RemoteLoadTest;
			sourceTree = "<group>";
		};
/* End PBXGroup section */

/* Begin PBXNativeTarget section */
		A9949A1221FCD03500583490 /* RemoteLoadTest */ = {
			isa = PBXNativeTarget;
			buildConfigurationList = A9949A2521FCD03900583490 /* Build configuration list for PBXNativeTarget "RemoteLoadTest" */;
			buildPhases = (
				A9949A0F21FCD03500583490 /* Sources */,
				A9949A1021FCD03500583490 /* Frameworks */,
				A9949A1121FCD03500583490 /* Resources */,
			);
			buildRules = (
			);
			dependencies = (
			);
			name = RemoteLoadTest;
			productName = RemoteLoadTest;
			productReference = A9949A1321FCD03500583490 /* RemoteLoadTest.app */;
			productType = "com.apple.product-type.application";
		};
/* End PBXNativeTarget section */

/* Begin PBXProject section */
		A9949A0B21FCD03400583490 /* Project object */ = {
			isa = PBXProject;
			attributes = {
				LastSwiftUpdateCheck = 1010;
				LastUpgradeCheck = 1010;
				ORGANIZATIONNAME = "Jeroen Dunselman";
				TargetAttributes = {
					A9949A1221FCD03500583490 = {
						CreatedOnToolsVersion = 10.1;
					};
				};
			};
			buildConfigurationList = A9949A0E21FCD03400583490 /* Build configuration list for PBXProject "RemoteLoadTest" */;
			compatibilityVersion = "Xcode 9.3";
			developmentRegion = en;
			hasScannedForEncodings = 0;
			knownRegions = (
				en,
				Base,
			);
			mainGroup = A9949A0A21FCD03400583490;
			productRefGroup = A9949A1421FCD03500583490 /* Products */;
			projectDirPath = "";
			projectRoot = "";
			targets = (
				A9949A1221FCD03500583490 /* RemoteLoadTest */,
			);
		};
/* End PBXProject section */

/* Begin PBXResourcesBuildPhase section */
		A9949A1121FCD03500583490 /* Resources */ = {
			isa = PBXResourcesBuildPhase;
			buildActionMask = 2147483647;
			files = (
				A9949A4721FCD43B00583490 /* Info.plist in Resources */,
				A9949A2921FCD3EF00583490 /* Main.storyboard in Resources */,
				A9949A2121FCD03900583490 /* LaunchScreen.storyboard in Resources */,
				A9949A1E21FCD03900583490 /* Assets.xcassets in Resources */,
			);
			runOnlyForDeploymentPostprocessing = 0;
		};
/* End PBXResourcesBuildPhase section */

/* Begin PBXSourcesBuildPhase section */
		A9949A0F21FCD03500583490 /* Sources */ = {
			isa = PBXSourcesBuildPhase;
			buildActionMask = 2147483647;
			files = (
				A9949A3721FCD42C00583490 /* ViewItemViewController.swift in Sources */,
				A9949A4021FCD42C00583490 /* Location.swift in Sources */,
				A9949A4821FCD43B00583490 /* CoreDataExample.xcdatamodeld in Sources */,
				A9949A3821FCD42C00583490 /* SignUpViewModel.swift in Sources */,
				A9949A3D21FCD42C00583490 /* UpdateItemViewController.swift in Sources */,
				A9949A1921FCD03500583490 /* ViewController.swift in Sources */,
				A9949A4121FCD42C00583490 /* StartViewController.swift in Sources */,
				A9949A3F21FCD42C00583490 /* DisplayTableViewController.swift in Sources */,
				A9949A4321FCD42C00583490 /* StartViewModel.swift in Sources */,
				A9949A3A21FCD42C00583490 /* LoginViewModel.swift in Sources */,
				A9949A3C21FCD42C00583490 /* AppDelegate.swift in Sources */,
				A9949A3E21FCD42C00583490 /* SignUpViewController.swift in Sources */,
				A9949A3B21FCD42C00583490 /* CurrentUser.swift in Sources */,
				A9949A4221FCD42C00583490 /* LoginViewController.swift in Sources */,
				A9949A3921FCD42C00583490 /* DisplayViewModel.swift in Sources */,
			);
			runOnlyForDeploymentPostprocessing = 0;
		};
/* End PBXSourcesBuildPhase section */

/* Begin PBXVariantGroup section */
		A9949A1F21FCD03900583490 /* LaunchScreen.storyboard */ = {
			isa = PBXVariantGroup;
			children = (
				A9949A2021FCD03900583490 /* Base */,
			);
			name = LaunchScreen.storyboard;
			sourceTree = "<group>";
		};
/* End PBXVariantGroup section */

/* Begin XCBuildConfiguration section */
		A9949A2321FCD03900583490 /* Debug */ = {
			isa = XCBuildConfiguration;
			buildSettings = {
				ALWAYS_SEARCH_USER_PATHS = NO;
				CLANG_ANALYZER_NONNULL = YES;
				CLANG_ANALYZER_NUMBER_OBJECT_CONVERSION = YES_AGGRESSIVE;
				CLANG_CXX_LANGUAGE_STANDARD = "gnu++14";
				CLANG_CXX_LIBRARY = "libc++";
				CLANG_ENABLE_MODULES = YES;
				CLANG_ENABLE_OBJC_ARC = YES;
				CLANG_ENABLE_OBJC_WEAK = YES;
				CLANG_WARN_BLOCK_CAPTURE_AUTORELEASING = YES;
				CLANG_WARN_BOOL_CONVERSION = YES;
				CLANG_WARN_COMMA = YES;
				CLANG_WARN_CONSTANT_CONVERSION = YES;
				CLANG_WARN_DEPRECATED_OBJC_IMPLEMENTATIONS = YES;
				CLANG_WARN_DIRECT_OBJC_ISA_USAGE = YES_ERROR;
				CLANG_WARN_DOCUMENTATION_COMMENTS = YES;
				CLANG_WARN_EMPTY_BODY = YES;
				CLANG_WARN_ENUM_CONVERSION = YES;
				CLANG_WARN_INFINITE_RECURSION = YES;
				CLANG_WARN_INT_CONVERSION = YES;
				CLANG_WARN_NON_LITERAL_NULL_CONVERSION = YES;
				CLANG_WARN_OBJC_IMPLICIT_RETAIN_SELF = YES;
				CLANG_WARN_OBJC_LITERAL_CONVERSION = YES;
				CLANG_WARN_OBJC_ROOT_CLASS = YES_ERROR;
				CLANG_WARN_RANGE_LOOP_ANALYSIS = YES;
				CLANG_WARN_STRICT_PROTOTYPES = YES;
				CLANG_WARN_SUSPICIOUS_MOVE = YES;
				CLANG_WARN_UNGUARDED_AVAILABILITY = YES_AGGRESSIVE;
				CLANG_WARN_UNREACHABLE_CODE = YES;
				CLANG_WARN__DUPLICATE_METHOD_MATCH = YES;
				CODE_SIGN_IDENTITY = "iPhone Developer";
				COPY_PHASE_STRIP = NO;
				DEBUG_INFORMATION_FORMAT = dwarf;
				ENABLE_STRICT_OBJC_MSGSEND = YES;
				ENABLE_TESTABILITY = YES;
				GCC_C_LANGUAGE_STANDARD = gnu11;
				GCC_DYNAMIC_NO_PIC = NO;
				GCC_NO_COMMON_BLOCKS = YES;
				GCC_OPTIMIZATION_LEVEL = 0;
				GCC_PREPROCESSOR_DEFINITIONS = (
					"DEBUG=1",
					"$(inherited)",
				);
				GCC_WARN_64_TO_32_BIT_CONVERSION = YES;
				GCC_WARN_ABOUT_RETURN_TYPE = YES_ERROR;
				GCC_WARN_UNDECLARED_SELECTOR = YES;
				GCC_WARN_UNINITIALIZED_AUTOS = YES_AGGRESSIVE;
				GCC_WARN_UNUSED_FUNCTION = YES;
				GCC_WARN_UNUSED_VARIABLE = YES;
				IPHONEOS_DEPLOYMENT_TARGET = 12.1;
				MTL_ENABLE_DEBUG_INFO = INCLUDE_SOURCE;
				MTL_FAST_MATH = YES;
				ONLY_ACTIVE_ARCH = YES;
				SDKROOT = iphoneos;
				SWIFT_ACTIVE_COMPILATION_CONDITIONS = DEBUG;
				SWIFT_OPTIMIZATION_LEVEL = "-Onone";
			};
			name = Debug;
		};
		A9949A2421FCD03900583490 /* Release */ = {
			isa = XCBuildConfiguration;
			buildSettings = {
				ALWAYS_SEARCH_USER_PATHS = NO;
				CLANG_ANALYZER_NONNULL = YES;
				CLANG_ANALYZER_NUMBER_OBJECT_CONVERSION = YES_AGGRESSIVE;
				CLANG_CXX_LANGUAGE_STANDARD = "gnu++14";
				CLANG_CXX_LIBRARY = "libc++";
				CLANG_ENABLE_MODULES = YES;
				CLANG_ENABLE_OBJC_ARC = YES;
				CLANG_ENABLE_OBJC_WEAK = YES;
				CLANG_WARN_BLOCK_CAPTURE_AUTORELEASING = YES;
				CLANG_WARN_BOOL_CONVERSION = YES;
				CLANG_WARN_COMMA = YES;
				CLANG_WARN_CONSTANT_CONVERSION = YES;
				CLANG_WARN_DEPRECATED_OBJC_IMPLEMENTATIONS = YES;
				CLANG_WARN_DIRECT_OBJC_ISA_USAGE = YES_ERROR;
				CLANG_WARN_DOCUMENTATION_COMMENTS = YES;
				CLANG_WARN_EMPTY_BODY = YES;
				CLANG_WARN_ENUM_CONVERSION = YES;
				CLANG_WARN_INFINITE_RECURSION = YES;
				CLANG_WARN_INT_CONVERSION = YES;
				CLANG_WARN_NON_LITERAL_NULL_CONVERSION = YES;
				CLANG_WARN_OBJC_IMPLICIT_RETAIN_SELF = YES;
				CLANG_WARN_OBJC_LITERAL_CONVERSION = YES;
				CLANG_WARN_OBJC_ROOT_CLASS = YES_ERROR;
				CLANG_WARN_RANGE_LOOP_ANALYSIS = YES;
				CLANG_WARN_STRICT_PROTOTYPES = YES;
				CLANG_WARN_SUSPICIOUS_MOVE = YES;
				CLANG_WARN_UNGUARDED_AVAILABILITY = YES_AGGRESSIVE;
				CLANG_WARN_UNREACHABLE_CODE = YES;
				CLANG_WARN__DUPLICATE_METHOD_MATCH = YES;
				CODE_SIGN_IDENTITY = "iPhone Developer";
				COPY_PHASE_STRIP = NO;
				DEBUG_INFORMATION_FORMAT = "dwarf-with-dsym";
				ENABLE_NS_ASSERTIONS = NO;
				ENABLE_STRICT_OBJC_MSGSEND = YES;
				GCC_C_LANGUAGE_STANDARD = gnu11;
				GCC_NO_COMMON_BLOCKS = YES;
				GCC_WARN_64_TO_32_BIT_CONVERSION = YES;
				GCC_WARN_ABOUT_RETURN_TYPE = YES_ERROR;
				GCC_WARN_UNDECLARED_SELECTOR = YES;
				GCC_WARN_UNINITIALIZED_AUTOS = YES_AGGRESSIVE;
				GCC_WARN_UNUSED_FUNCTION = YES;
				GCC_WARN_UNUSED_VARIABLE = YES;
				IPHONEOS_DEPLOYMENT_TARGET = 12.1;
				MTL_ENABLE_DEBUG_INFO = NO;
				MTL_FAST_MATH = YES;
				SDKROOT = iphoneos;
				SWIFT_COMPILATION_MODE = wholemodule;
				SWIFT_OPTIMIZATION_LEVEL = "-O";
				VALIDATE_PRODUCT = YES;
			};
			name = Release;
		};
		A9949A2621FCD03900583490 /* Debug */ = {
			isa = XCBuildConfiguration;
			buildSettings = {
				ASSETCATALOG_COMPILER_APPICON_NAME = AppIcon;
				CODE_SIGN_STYLE = Automatic;
				DEVELOPMENT_TEAM = 5VGL2XRGNT;
				INFOPLIST_FILE = RemoteLoadTest/Info.plist;
				LD_RUNPATH_SEARCH_PATHS = (
					"$(inherited)",
					"@executable_path/Frameworks",
				);
				PRODUCT_BUNDLE_IDENTIFIER = com.onomatopoeia.gituse.RemoteLoadTest;
				PRODUCT_NAME = "$(TARGET_NAME)";
				SWIFT_VERSION = 4.2;
				TARGETED_DEVICE_FAMILY = "1,2";
			};
			name = Debug;
		};
		A9949A2721FCD03900583490 /* Release */ = {
			isa = XCBuildConfiguration;
			buildSettings = {
				ASSETCATALOG_COMPILER_APPICON_NAME = AppIcon;
				CODE_SIGN_STYLE = Automatic;
				DEVELOPMENT_TEAM = 5VGL2XRGNT;
				INFOPLIST_FILE = RemoteLoadTest/Info.plist;
				LD_RUNPATH_SEARCH_PATHS = (
					"$(inherited)",
					"@executable_path/Frameworks",
				);
				PRODUCT_BUNDLE_IDENTIFIER = com.onomatopoeia.gituse.RemoteLoadTest;
				PRODUCT_NAME = "$(TARGET_NAME)";
				SWIFT_VERSION = 4.2;
				TARGETED_DEVICE_FAMILY = "1,2";
			};
			name = Release;
		};
/* End XCBuildConfiguration section */

/* Begin XCConfigurationList section */
		A9949A0E21FCD03400583490 /* Build configuration list for PBXProject "RemoteLoadTest" */ = {
			isa = XCConfigurationList;
			buildConfigurations = (
				A9949A2321FCD03900583490 /* Debug */,
				A9949A2421FCD03900583490 /* Release */,
			);
			defaultConfigurationIsVisible = 0;
			defaultConfigurationName = Release;
		};
		A9949A2521FCD03900583490 /* Build configuration list for PBXNativeTarget "RemoteLoadTest" */ = {
			isa = XCConfigurationList;
			buildConfigurations = (
				A9949A2621FCD03900583490 /* Debug */,
				A9949A2721FCD03900583490 /* Release */,
			);
			defaultConfigurationIsVisible = 0;
			defaultConfigurationName = Release;
		};
/* End XCConfigurationList section */

/* Begin XCVersionGroup section */
		A9949A4521FCD43B00583490 /* CoreDataExample.xcdatamodeld */ = {
			isa = XCVersionGroup;
			children = (
				A9949A4621FCD43B00583490 /* CoreDataExample.xcdatamodel */,
			);
			currentVersion = A9949A4621FCD43B00583490 /* CoreDataExample.xcdatamodel */;
			path = CoreDataExample.xcdatamodeld;
			sourceTree = "<group>";
			versionGroupType = wrapper.xcdatamodel;
		};
/* End XCVersionGroup section */
	};
	rootObject = A9949A0B21FCD03400583490 /* Project object */;
}
